github.com/aws/aws-sdk-go v1.19.21 h1:xLaPxl8gy0ZSXbc13jsCKIaHD6NiX+2tAQodPSEL5r8=
github.com/aws/aws-sdk-go v1.19.21/go.mod h1:KmX6BPdI08NWTb3/sm4ZGu5ShLoqVDhKgpiN924inxo=
github.com/cdipaolo/goml v0.0.0-20190412180403-e1f51f713598 h1:j2XRGH5Y5uWtBYXGwmrjKeM/kfu/jh7ZcnrGvyN5Ttk=
github.com/cdipaolo/goml v0.0.0-20190412180403-e1f51f713598/go.mod h1:sduMkaHcXDIWurl/Bd/z0rNEUHw5tr6LUA9IO8E9o0o=
github.com/cdipaolo/sentiment v0.0.0-20170111084539-5ab0aec020b4 h1:xLdyQGubJ679hpPQwSOgJ5JEuO2de4wDBwyzFrezjtw=
github.com/cdipaolo/sentiment v0.0.0-20170111084539-5ab0aec020b4/go.mod h1:JWoVf4GJxCxM3iCiZSVoXNMV+JFG49L+ou70KK3HTvQ=
github.com/deckarep/golang-set v1.7.1 h1:SCQV0S6gTtp6itiFrTqI+pfmJ4LN85S1YzhDf9rTHJQ=
github.com/deckarep/golang-set v1.7.1/go.mod h1:93vsz/8Wt4joVM7c2AVqh+YRMiUSc14yDtF28KmMOgQ=
github.com/imroc/req v0.2.3 h1:ElMCifcqg/1GonGloyyTUrj6D6IITL6EiNEKHUl4xZM=
github.com/imroc/req v0.2.3/go.mod h1:J9FsaNHDTIVyW/b5r6/Df5qKEEEq2WzZKIgKSajd1AE=
github.com/jmespath/go-jmespath v0.0.0-20180206201540-c2b33e8439af h1:pmfjZENx5imkbgOkpRUYLnmbU7UEFbjtDA2hxJ1ichM=
github.com/jmespath/go-jmespath v0.0.0-20180206201540-c2b33e8439af/go.mod h1:Nht3zPeWKUH0NzdCt2Blrr5ys8VGpn0CEB0cQHVjt7k=
github.com/mingrammer/commonregex v1.0.0 h1:0nTEyFI+CKWog0IWbyP8jFwgdd+JZ30UYfYce/lG/9w=
github.com/mingrammer/commonregex v1.0.0/go.mod h1:GQen+jIfhWmXmDCzNk4ucLO8VUMxJO5QPWZ2RPwrS3A=
github.com/montanaflynn/stats v0.5.0 h1:2EkzeTSqBB4V4bJwWrt5gIIrZmpJBcoIRGS2kWLgzmk=
github.com/montanaflynn/stats v0.5.0/go.mod h1:wL8QJuTMNUDYhXwkmfOly8iTdp5TEcJFWZD2D7SIkUc=
golang.org/x/exp v0.0.0-20190125153040-c74c464bbbf2/go.mod h1:CJ0aWSM057203Lf6IL+f9T1iT9GByDxfZKAQTCR3kQA=
golang.org/x/text v0.3.2 h1:tW2bmiBqwgJj/UpqtC8EpXEZVYOwU0yG4iWbprSVAcs=
golang.org/x/text v0.3.2/go.mod h1:bEr9sfX3Q8Zfm5fL9x+3itogRgK3+ptLWKqgva+5dAk=
golang.org/x/tools v0.0.0-20180917221912-90fa682c2a6e/go.mod h1:n7NCudcB/nEzxVGmLbDWY5pfWTLqBcC2KZ6jyYvM4mQ=
golang.org/x/tools v0.0.0-20190206041539-40960b6deb8e/go.mod h1:n7NCudcB/nEzxVGmLbDWY5pfWTLqBcC2KZ6jyYvM4mQ=
gonum.org/v1/gonum v0.0.0-20190430210020-9827ae2933ff h1:PSmLTFCI0KBBLcaxSbM8ejKR6f7XuDyQS3R8t72ailE=
gonum.org/v1/gonum v0.0.0-20190430210020-9827ae2933ff/go.mod h1:2ltnJ7xHfj0zHS40VVPYEAAMTa3ZGguvHGBSJeRWqE0=
gonum.org/v1/netlib v0.0.0-20190313105609-8cb42192e0e0/go.mod h1:wa6Ws7BG/ESfp6dHfk7C6KdzKA7wR7u/rKwOGE66zvw=
gopkg.in/jdkato/prose.v2 v2.0.0-20180825173540-767a23049b9e h1:yDDVJ347kU7Ro+H2CRgKmAEbFXfHwjyPuXgVd6H+3N8=
gopkg.in/jdkato/prose.v2 v2.0.0-20180825173540-767a23049b9e/go.mod h1:1uCyb8jSeRMeIfMJgVyxYssmCTAlxLBkueX+Iu2UilA=
gopkg.in/neurosnap/sentences.v1 v1.0.6 h1:v7ElyP020iEZQONyLld3fHILHWOPs+ntzuQTNPkul8E=
gopkg.in/neurosnap/sentences.v1 v1.0.6/go.mod h1:YlK+SN+fLQZj+kY3r8DkGDhDr91+S3JmTb5LSxFRQo0=
